// !$*UTF8*$!
{
	archiveVersion = 1;
	classes = {
	};
	objectVersion = 46;
	objects = {

/* Begin PBXBuildFile section */
		702452B71DDAB44400B3E936 /* 1.cpp in Sources */ = {isa = PBXBuildFile; fileRef = 702452551DDAB44400B3E936 /* 1.cpp */; };
		702452B81DDAB44400B3E936 /* 2.cpp in Sources */ = {isa = PBXBuildFile; fileRef = 702452561DDAB44400B3E936 /* 2.cpp */; };
		702452B91DDAB44400B3E936 /* 7_Reverse_Integer.cpp in Sources */ = {isa = PBXBuildFile; fileRef = 702452571DDAB44400B3E936 /* 7_Reverse_Integer.cpp */; };
		702452BA1DDAB44400B3E936 /* 21_Merge_Two_Sorted_Lists.cpp in Sources */ = {isa = PBXBuildFile; fileRef = 702452581DDAB44400B3E936 /* 21_Merge_Two_Sorted_Lists.cpp */; };
		702452BB1DDAB44400B3E936 /* 26_Remove_Duplicate_from_Sorted_Array.cpp in Sources */ = {isa = PBXBuildFile; fileRef = 702452591DDAB44400B3E936 /* 26_Remove_Duplicate_from_Sorted_Array.cpp */; };
		702452BC1DDAB44400B3E936 /* 27_Remove_Element.cpp in Sources */ = {isa = PBXBuildFile; fileRef = 7024525A1DDAB44400B3E936 /* 27_Remove_Element.cpp */; };
		702452BD1DDAB44400B3E936 /* 28_Implement_strStr.cpp in Sources */ = {isa = PBXBuildFile; fileRef = 7024525B1DDAB44400B3E936 /* 28_Implement_strStr.cpp */; };
		702452BE1DDAB44400B3E936 /* 38_Count_and_Say.cpp in Sources */ = {isa = PBXBuildFile; fileRef = 7024525C1DDAB44400B3E936 /* 38_Count_and_Say.cpp */; };
		702452BF1DDAB44400B3E936 /* 50_Pow(x, n).cpp in Sources */ = {isa = PBXBuildFile; fileRef = 7024525D1DDAB44400B3E936 /* 50_Pow(x, n).cpp */; };
		702452C01DDAB44400B3E936 /* 58.cpp in Sources */ = {isa = PBXBuildFile; fileRef = 7024525E1DDAB44400B3E936 /* 58.cpp */; };
		702452C11DDAB44400B3E936 /* 66_Plus_One.cpp in Sources */ = {isa = PBXBuildFile; fileRef = 7024525F1DDAB44400B3E936 /* 66_Plus_One.cpp */; };
		702452C21DDAB44400B3E936 /* 67_Add_Binary.cpp in Sources */ = {isa = PBXBuildFile; fileRef = 702452601DDAB44400B3E936 /* 67_Add_Binary.cpp */; };
		702452C31DDAB44400B3E936 /* 70_Climbing_Stairs.cpp in Sources */ = {isa = PBXBuildFile; fileRef = 702452611DDAB44400B3E936 /* 70_Climbing_Stairs.cpp */; };
		702452C41DDAB44400B3E936 /* 83.cpp in Sources */ = {isa = PBXBuildFile; fileRef = 702452621DDAB44400B3E936 /* 83.cpp */; };
		702452C51DDAB44400B3E936 /* 88_Merge_Sorted_Array.cpp in Sources */ = {isa = PBXBuildFile; fileRef = 702452631DDAB44400B3E936 /* 88_Merge_Sorted_Array.cpp */; };
		702452C61DDAB44400B3E936 /* 100_Same_Tree.cpp in Sources */ = {isa = PBXBuildFile; fileRef = 702452641DDAB44400B3E936 /* 100_Same_Tree.cpp */; };
		702452C71DDAB44400B3E936 /* 101.cpp in Sources */ = {isa = PBXBuildFile; fileRef = 702452651DDAB44400B3E936 /* 101.cpp */; };
		702452C81DDAB44400B3E936 /* 102.cpp in Sources */ = {isa = PBXBuildFile; fileRef = 702452661DDAB44400B3E936 /* 102.cpp */; };
		702452C91DDAB44400B3E936 /* 107.cpp in Sources */ = {isa = PBXBuildFile; fileRef = 702452671DDAB44400B3E936 /* 107.cpp */; };
		702452CA1DDAB44400B3E936 /* 110__Balanced_Binary_Tree.cpp in Sources */ = {isa = PBXBuildFile; fileRef = 702452681DDAB44400B3E936 /* 110__Balanced_Binary_Tree.cpp */; };
		702452CB1DDAB44400B3E936 /* 111.cpp in Sources */ = {isa = PBXBuildFile; fileRef = 702452691DDAB44400B3E936 /* 111.cpp */; };
		702452CC1DDAB44400B3E936 /* 112.cpp in Sources */ = {isa = PBXBuildFile; fileRef = 7024526A1DDAB44400B3E936 /* 112.cpp */; };
		702452CD1DDAB44400B3E936 /* 118_Pascal_Triangle.cpp in Sources */ = {isa = PBXBuildFile; fileRef = 7024526B1DDAB44400B3E936 /* 118_Pascal_Triangle.cpp */; };
		702452CE1DDAB44400B3E936 /* 119.cpp in Sources */ = {isa = PBXBuildFile; fileRef = 7024526C1DDAB44400B3E936 /* 119.cpp */; };
		702452CF1DDAB44400B3E936 /* 121_Best_Time_to_Buy_and_Sell_Stock.cpp in Sources */ = {isa = PBXBuildFile; fileRef = 7024526D1DDAB44400B3E936 /* 121_Best_Time_to_Buy_and_Sell_Stock.cpp */; };
		702452D01DDAB44400B3E936 /* 125_Valid_Palindrome.cpp in Sources */ = {isa = PBXBuildFile; fileRef = 7024526E1DDAB44400B3E936 /* 125_Valid_Palindrome.cpp */; };
		702452D11DDAB44400B3E936 /* 131.cpp in Sources */ = {isa = PBXBuildFile; fileRef = 7024526F1DDAB44400B3E936 /* 131.cpp */; };
		702452D21DDAB44400B3E936 /* 133_clone_graph.cpp in Sources */ = {isa = PBXBuildFile; fileRef = 702452701DDAB44400B3E936 /* 133_clone_graph.cpp */; };
		702452D31DDAB44400B3E936 /* 136.cpp in Sources */ = {isa = PBXBuildFile; fileRef = 702452711DDAB44400B3E936 /* 136.cpp */; };
		702452D41DDAB44400B3E936 /* 141_Linked_List_Cycle.cpp in Sources */ = {isa = PBXBuildFile; fileRef = 702452721DDAB44400B3E936 /* 141_Linked_List_Cycle.cpp */; };
		702452D51DDAB44400B3E936 /* 146_LRU_Cache.cpp in Sources */ = {isa = PBXBuildFile; fileRef = 702452731DDAB44400B3E936 /* 146_LRU_Cache.cpp */; };
		702452D61DDAB44400B3E936 /* 155_Min_Stack.cpp in Sources */ = {isa = PBXBuildFile; fileRef = 702452741DDAB44400B3E936 /* 155_Min_Stack.cpp */; };
		702452D71DDAB44400B3E936 /* 160_Intersection_of_Two_Linked_List.cpp in Sources */ = {isa = PBXBuildFile; fileRef = 702452751DDAB44400B3E936 /* 160_Intersection_of_Two_Linked_List.cpp */; };
		702452D81DDAB44400B3E936 /* 168.cpp in Sources */ = {isa = PBXBuildFile; fileRef = 702452761DDAB44400B3E936 /* 168.cpp */; };
		702452D91DDAB44400B3E936 /* 169_Majority_Element.cpp in Sources */ = {isa = PBXBuildFile; fileRef = 702452771DDAB44400B3E936 /* 169_Majority_Element.cpp */; };
		702452DA1DDAB44400B3E936 /* 170.cpp in Sources */ = {isa = PBXBuildFile; fileRef = 702452781DDAB44400B3E936 /* 170.cpp */; };
		702452DB1DDAB44400B3E936 /* 172_Factorial_Trailing_Zeroes.cpp in Sources */ = {isa = PBXBuildFile; fileRef = 702452791DDAB44400B3E936 /* 172_Factorial_Trailing_Zeroes.cpp */; };
		702452DC1DDAB44400B3E936 /* 173_Binary_Search_Tree_Iterator.cpp in Sources */ = {isa = PBXBuildFile; fileRef = 7024527A1DDAB44400B3E936 /* 173_Binary_Search_Tree_Iterator.cpp */; };
		702452DD1DDAB44400B3E936 /* 177_Excel_Sheet_Column_Number.cpp in Sources */ = {isa = PBXBuildFile; fileRef = 7024527B1DDAB44400B3E936 /* 177_Excel_Sheet_Column_Number.cpp */; };
		702452DE1DDAB44400B3E936 /* 189_Rotate_Array.cpp in Sources */ = {isa = PBXBuildFile; fileRef = 7024527C1DDAB44400B3E936 /* 189_Rotate_Array.cpp */; };
		702452DF1DDAB44400B3E936 /* 190.cpp in Sources */ = {isa = PBXBuildFile; fileRef = 7024527D1DDAB44400B3E936 /* 190.cpp */; };
		702452E01DDAB44400B3E936 /* 191_Number_of_1_Bits.cpp in Sources */ = {isa = PBXBuildFile; fileRef = 7024527E1DDAB44400B3E936 /* 191_Number_of_1_Bits.cpp */; };
		702452E11DDAB44400B3E936 /* 198_House_Robber.cpp in Sources */ = {isa = PBXBuildFile; fileRef = 7024527F1DDAB44400B3E936 /* 198_House_Robber.cpp */; };
		702452E21DDAB44400B3E936 /* 202_Happy_Number.cpp in Sources */ = {isa = PBXBuildFile; fileRef = 702452801DDAB44400B3E936 /* 202_Happy_Number.cpp */; };
		702452E31DDAB44400B3E936 /* 203.cpp in Sources */ = {isa = PBXBuildFile; fileRef = 702452811DDAB44400B3E936 /* 203.cpp */; };
		702452E41DDAB44400B3E936 /* 205.cpp in Sources */ = {isa = PBXBuildFile; fileRef = 702452821DDAB44400B3E936 /* 205.cpp */; };
		702452E51DDAB44400B3E936 /* 206_Reverse_Linked_List.cpp in Sources */ = {isa = PBXBuildFile; fileRef = 702452831DDAB44400B3E936 /* 206_Reverse_Linked_List.cpp */; };
		702452E61DDAB44400B3E936 /* 208.cpp in Sources */ = {isa = PBXBuildFile; fileRef = 702452841DDAB44400B3E936 /* 208.cpp */; };
		702452E71DDAB44400B3E936 /* 217_Contains_Duplicate.cpp in Sources */ = {isa = PBXBuildFile; fileRef = 702452851DDAB44400B3E936 /* 217_Contains_Duplicate.cpp */; };
		702452E81DDAB44400B3E936 /* 219_Contains_Duplicate.cpp in Sources */ = {isa = PBXBuildFile; fileRef = 702452861DDAB44400B3E936 /* 219_Contains_Duplicate.cpp */; };
		702452E91DDAB44400B3E936 /* 224_227_Basic_Calculator.cpp in Sources */ = {isa = PBXBuildFile; fileRef = 702452871DDAB44400B3E936 /* 224_227_Basic_Calculator.cpp */; };
		702452EA1DDAB44400B3E936 /* 225.cpp in Sources */ = {isa = PBXBuildFile; fileRef = 702452881DDAB44400B3E936 /* 225.cpp */; };
		702452EB1DDAB44400B3E936 /* 226.cpp in Sources */ = {isa = PBXBuildFile; fileRef = 702452891DDAB44400B3E936 /* 226.cpp */; };
		702452EC1DDAB44400B3E936 /* 230.cpp in Sources */ = {isa = PBXBuildFile; fileRef = 7024528A1DDAB44400B3E936 /* 230.cpp */; };
		702452ED1DDAB44400B3E936 /* 231.cpp in Sources */ = {isa = PBXBuildFile; fileRef = 7024528B1DDAB44400B3E936 /* 231.cpp */; };
		702452EE1DDAB44400B3E936 /* 232_queue_using_stacks.cpp in Sources */ = {isa = PBXBuildFile; fileRef = 7024528C1DDAB44400B3E936 /* 232_queue_using_stacks.cpp */; };
		702452EF1DDAB44400B3E936 /* 234_Palindrome_Linked_List.cpp in Sources */ = {isa = PBXBuildFile; fileRef = 7024528D1DDAB44400B3E936 /* 234_Palindrome_Linked_List.cpp */; };
		702452F01DDAB44400B3E936 /* 235_Lowest_Common_Ancestor_of_a_Binary_Search_Tree.cpp in Sources */ = {isa = PBXBuildFile; fileRef = 7024528E1DDAB44400B3E936 /* 235_Lowest_Common_Ancestor_of_a_Binary_Search_Tree.cpp */; };
		702452F11DDAB44400B3E936 /* 242_Valid_Anagram.cpp in Sources */ = {isa = PBXBuildFile; fileRef = 7024528F1DDAB44400B3E936 /* 242_Valid_Anagram.cpp */; };
		702452F21DDAB44400B3E936 /* 243.cpp in Sources */ = {isa = PBXBuildFile; fileRef = 702452901DDAB44400B3E936 /* 243.cpp */; };
		702452F31DDAB44400B3E936 /* 246.cpp in Sources */ = {isa = PBXBuildFile; fileRef = 702452911DDAB44400B3E936 /* 246.cpp */; };
		702452F41DDAB44400B3E936 /* 249_Group_Shifted_Strings.cpp in Sources */ = {isa = PBXBuildFile; fileRef = 702452921DDAB44400B3E936 /* 249_Group_Shifted_Strings.cpp */; };
		702452F51DDAB44400B3E936 /* 251.cpp in Sources */ = {isa = PBXBuildFile; fileRef = 702452931DDAB44400B3E936 /* 251.cpp */; };
		702452F61DDAB44400B3E936 /* 252_Meeting_Room.cpp in Sources */ = {isa = PBXBuildFile; fileRef = 702452941DDAB44400B3E936 /* 252_Meeting_Room.cpp */; };
		702452F71DDAB44400B3E936 /* 257_Binary_Tree_Paths.cpp in Sources */ = {isa = PBXBuildFile; fileRef = 702452951DDAB44400B3E936 /* 257_Binary_Tree_Paths.cpp */; };
		702452F81DDAB44400B3E936 /* 258_Add_Digits.cpp in Sources */ = {isa = PBXBuildFile; fileRef = 702452961DDAB44400B3E936 /* 258_Add_Digits.cpp */; };
		702452F91DDAB44400B3E936 /* 263_264_313_Ugly_Number.cpp in Sources */ = {isa = PBXBuildFile; fileRef = 702452971DDAB44400B3E936 /* 263_264_313_Ugly_Number.cpp */; };
		702452FA1DDAB44400B3E936 /* 266_Palindrome_Permutation.cpp in Sources */ = {isa = PBXBuildFile; fileRef = 702452981DDAB44400B3E936 /* 266_Palindrome_Permutation.cpp */; };
		702452FB1DDAB44400B3E936 /* 270_Closeset_Binary_Search_Tree_Value.cpp in Sources */ = {isa = PBXBuildFile; fileRef = 702452991DDAB44400B3E936 /* 270_Closeset_Binary_Search_Tree_Value.cpp */; };
		702452FC1DDAB44400B3E936 /* 276_Paint_Fence.cpp in Sources */ = {isa = PBXBuildFile; fileRef = 7024529A1DDAB44400B3E936 /* 276_Paint_Fence.cpp */; };
		702452FD1DDAB44400B3E936 /* 278_First_Bad_Version.cpp in Sources */ = {isa = PBXBuildFile; fileRef = 7024529B1DDAB44400B3E936 /* 278_First_Bad_Version.cpp */; };
		702452FE1DDAB44400B3E936 /* 281.cpp in Sources */ = {isa = PBXBuildFile; fileRef = 7024529C1DDAB44400B3E936 /* 281.cpp */; };
		702452FF1DDAB44400B3E936 /* 283_Move_Zeros.cpp in Sources */ = {isa = PBXBuildFile; fileRef = 7024529D1DDAB44400B3E936 /* 283_Move_Zeros.cpp */; };
		702453001DDAB44400B3E936 /* 284.cpp in Sources */ = {isa = PBXBuildFile; fileRef = 7024529E1DDAB44400B3E936 /* 284.cpp */; };
		702453011DDAB44400B3E936 /* 288_Unique_Word_Abbreviation.cpp in Sources */ = {isa = PBXBuildFile; fileRef = 7024529F1DDAB44400B3E936 /* 288_Unique_Word_Abbreviation.cpp */; };
		702453021DDAB44400B3E936 /* 290_Word_Pattern.cpp in Sources */ = {isa = PBXBuildFile; fileRef = 702452A01DDAB44400B3E936 /* 290_Word_Pattern.cpp */; };
		702453031DDAB44400B3E936 /* 292_Nim_Game.cpp in Sources */ = {isa = PBXBuildFile; fileRef = 702452A11DDAB44400B3E936 /* 292_Nim_Game.cpp */; };
		702453041DDAB44400B3E936 /* 293_File_Game.cpp in Sources */ = {isa = PBXBuildFile; fileRef = 702452A21DDAB44400B3E936 /* 293_File_Game.cpp */; };
		702453051DDAB44400B3E936 /* 299_Bulls_and_Cows.cpp in Sources */ = {isa = PBXBuildFile; fileRef = 702452A31DDAB44400B3E936 /* 299_Bulls_and_Cows.cpp */; };
		702453061DDAB44400B3E936 /* 303_Range_Sum_Query_Immutable.cpp in Sources */ = {isa = PBXBuildFile; fileRef = 702452A41DDAB44400B3E936 /* 303_Range_Sum_Query_Immutable.cpp */; };
		702453071DDAB44400B3E936 /* 341_Flatten_Nested_List_Iterator.cpp in Sources */ = {isa = PBXBuildFile; fileRef = 702452A51DDAB44400B3E936 /* 341_Flatten_Nested_List_Iterator.cpp */; };
		702453081DDAB44400B3E936 /* 342.cpp in Sources */ = {isa = PBXBuildFile; fileRef = 702452A61DDAB44400B3E936 /* 342.cpp */; };
		702453091DDAB44400B3E936 /* 344.cpp in Sources */ = {isa = PBXBuildFile; fileRef = 702452A71DDAB44400B3E936 /* 344.cpp */; };
		7024530A1DDAB44400B3E936 /* 345.cpp in Sources */ = {isa = PBXBuildFile; fileRef = 702452A81DDAB44400B3E936 /* 345.cpp */; };
		7024530B1DDAB44400B3E936 /* 349.cpp in Sources */ = {isa = PBXBuildFile; fileRef = 702452A91DDAB44400B3E936 /* 349.cpp */; };
		7024530C1DDAB44400B3E936 /* 350.cpp in Sources */ = {isa = PBXBuildFile; fileRef = 702452AA1DDAB44400B3E936 /* 350.cpp */; };
		7024530D1DDAB44400B3E936 /* 371_Sum_of_Two_Intergers.cpp in Sources */ = {isa = PBXBuildFile; fileRef = 702452AB1DDAB44400B3E936 /* 371_Sum_of_Two_Intergers.cpp */; };
		7024530E1DDAB44400B3E936 /* 383.cpp in Sources */ = {isa = PBXBuildFile; fileRef = 702452AC1DDAB44400B3E936 /* 383.cpp */; };
		7024530F1DDAB44400B3E936 /* 384.cpp in Sources */ = {isa = PBXBuildFile; fileRef = 702452AD1DDAB44400B3E936 /* 384.cpp */; };
		702453101DDAB44400B3E936 /* 387.cpp in Sources */ = {isa = PBXBuildFile; fileRef = 702452AE1DDAB44400B3E936 /* 387.cpp */; };
		702453111DDAB44400B3E936 /* 389.cpp in Sources */ = {isa = PBXBuildFile; fileRef = 702452AF1DDAB44400B3E936 /* 389.cpp */; };
		702453121DDAB44400B3E936 /* 396.cpp in Sources */ = {isa = PBXBuildFile; fileRef = 702452B01DDAB44400B3E936 /* 396.cpp */; };
		702453131DDAB44400B3E936 /* 397.cpp in Sources */ = {isa = PBXBuildFile; fileRef = 702452B11DDAB44400B3E936 /* 397.cpp */; };
		702453141DDAB44400B3E936 /* 409.cpp in Sources */ = {isa = PBXBuildFile; fileRef = 702452B21DDAB44400B3E936 /* 409.cpp */; };
		702453151DDAB44400B3E936 /* 412.cpp in Sources */ = {isa = PBXBuildFile; fileRef = 702452B31DDAB44400B3E936 /* 412.cpp */; };
		702453161DDAB44400B3E936 /* main.cpp in Sources */ = {isa = PBXBuildFile; fileRef = 702452B51DDAB44400B3E936 /* main.cpp */; };
		702453171DDAB44400B3E936 /* Medium.cpp in Sources */ = {isa = PBXBuildFile; fileRef = 702452B61DDAB44400B3E936 /* Medium.cpp */; };
		702453191DDACCCB00B3E936 /* 210_course_schedule_II.cpp in Sources */ = {isa = PBXBuildFile; fileRef = 702453181DDACCCB00B3E936 /* 210_course_schedule_II.cpp */; };
		7024531B1DDAE41100B3E936 /* 372_Super_Pow.cpp in Sources */ = {isa = PBXBuildFile; fileRef = 7024531A1DDAE41100B3E936 /* 372_Super_Pow.cpp */; };
/* End PBXBuildFile section */

/* Begin PBXCopyFilesBuildPhase section */
		708919851CC436220042FCA1 /* CopyFiles */ = {
			isa = PBXCopyFilesBuildPhase;
			buildActionMask = 2147483647;
			dstPath = /usr/share/man/man1/;
			dstSubfolderSpec = 0;
			files = (
			);
			runOnlyForDeploymentPostprocessing = 1;
		};
/* End PBXCopyFilesBuildPhase section */

/* Begin PBXFileReference section */
		702452551DDAB44400B3E936 /* 1.cpp */ = {isa = PBXFileReference; fileEncoding = 4; lastKnownFileType = sourcecode.cpp.cpp; path = 1.cpp; sourceTree = "<group>"; };
		702452561DDAB44400B3E936 /* 2.cpp */ = {isa = PBXFileReference; fileEncoding = 4; lastKnownFileType = sourcecode.cpp.cpp; path = 2.cpp; sourceTree = "<group>"; };
		702452571DDAB44400B3E936 /* 7_Reverse_Integer.cpp */ = {isa = PBXFileReference; fileEncoding = 4; lastKnownFileType = sourcecode.cpp.cpp; path = 7_Reverse_Integer.cpp; sourceTree = "<group>"; };
		702452581DDAB44400B3E936 /* 21_Merge_Two_Sorted_Lists.cpp */ = {isa = PBXFileReference; fileEncoding = 4; lastKnownFileType = sourcecode.cpp.cpp; path = 21_Merge_Two_Sorted_Lists.cpp; sourceTree = "<group>"; };
		702452591DDAB44400B3E936 /* 26_Remove_Duplicate_from_Sorted_Array.cpp */ = {isa = PBXFileReference; fileEncoding = 4; lastKnownFileType = sourcecode.cpp.cpp; path = 26_Remove_Duplicate_from_Sorted_Array.cpp; sourceTree = "<group>"; };
		7024525A1DDAB44400B3E936 /* 27_Remove_Element.cpp */ = {isa = PBXFileReference; fileEncoding = 4; lastKnownFileType = sourcecode.cpp.cpp; path = 27_Remove_Element.cpp; sourceTree = "<group>"; };
		7024525B1DDAB44400B3E936 /* 28_Implement_strStr.cpp */ = {isa = PBXFileReference; fileEncoding = 4; lastKnownFileType = sourcecode.cpp.cpp; path = 28_Implement_strStr.cpp; sourceTree = "<group>"; };
		7024525C1DDAB44400B3E936 /* 38_Count_and_Say.cpp */ = {isa = PBXFileReference; fileEncoding = 4; lastKnownFileType = sourcecode.cpp.cpp; path = 38_Count_and_Say.cpp; sourceTree = "<group>"; };
		7024525D1DDAB44400B3E936 /* 50_Pow(x, n).cpp */ = {isa = PBXFileReference; fileEncoding = 4; lastKnownFileType = sourcecode.cpp.cpp; path = "50_Pow(x, n).cpp"; sourceTree = "<group>"; };
		7024525E1DDAB44400B3E936 /* 58.cpp */ = {isa = PBXFileReference; fileEncoding = 4; lastKnownFileType = sourcecode.cpp.cpp; path = 58.cpp; sourceTree = "<group>"; };
		7024525F1DDAB44400B3E936 /* 66_Plus_One.cpp */ = {isa = PBXFileReference; fileEncoding = 4; lastKnownFileType = sourcecode.cpp.cpp; path = 66_Plus_One.cpp; sourceTree = "<group>"; };
		702452601DDAB44400B3E936 /* 67_Add_Binary.cpp */ = {isa = PBXFileReference; fileEncoding = 4; lastKnownFileType = sourcecode.cpp.cpp; path = 67_Add_Binary.cpp; sourceTree = "<group>"; };
		702452611DDAB44400B3E936 /* 70_Climbing_Stairs.cpp */ = {isa = PBXFileReference; fileEncoding = 4; lastKnownFileType = sourcecode.cpp.cpp; path = 70_Climbing_Stairs.cpp; sourceTree = "<group>"; };
		702452621DDAB44400B3E936 /* 83.cpp */ = {isa = PBXFileReference; fileEncoding = 4; lastKnownFileType = sourcecode.cpp.cpp; path = 83.cpp; sourceTree = "<group>"; };
		702452631DDAB44400B3E936 /* 88_Merge_Sorted_Array.cpp */ = {isa = PBXFileReference; fileEncoding = 4; lastKnownFileType = sourcecode.cpp.cpp; path = 88_Merge_Sorted_Array.cpp; sourceTree = "<group>"; };
		702452641DDAB44400B3E936 /* 100_Same_Tree.cpp */ = {isa = PBXFileReference; fileEncoding = 4; lastKnownFileType = sourcecode.cpp.cpp; path = 100_Same_Tree.cpp; sourceTree = "<group>"; };
		702452651DDAB44400B3E936 /* 101.cpp */ = {isa = PBXFileReference; fileEncoding = 4; lastKnownFileType = sourcecode.cpp.cpp; path = 101.cpp; sourceTree = "<group>"; };
		702452661DDAB44400B3E936 /* 102.cpp */ = {isa = PBXFileReference; fileEncoding = 4; lastKnownFileType = sourcecode.cpp.cpp; path = 102.cpp; sourceTree = "<group>"; };
		702452671DDAB44400B3E936 /* 107.cpp */ = {isa = PBXFileReference; fileEncoding = 4; lastKnownFileType = sourcecode.cpp.cpp; path = 107.cpp; sourceTree = "<group>"; };
		702452681DDAB44400B3E936 /* 110__Balanced_Binary_Tree.cpp */ = {isa = PBXFileReference; fileEncoding = 4; lastKnownFileType = sourcecode.cpp.cpp; path = 110__Balanced_Binary_Tree.cpp; sourceTree = "<group>"; };
		702452691DDAB44400B3E936 /* 111.cpp */ = {isa = PBXFileReference; fileEncoding = 4; lastKnownFileType = sourcecode.cpp.cpp; path = 111.cpp; sourceTree = "<group>"; };
		7024526A1DDAB44400B3E936 /* 112.cpp */ = {isa = PBXFileReference; fileEncoding = 4; lastKnownFileType = sourcecode.cpp.cpp; path = 112.cpp; sourceTree = "<group>"; };
		7024526B1DDAB44400B3E936 /* 118_Pascal_Triangle.cpp */ = {isa = PBXFileReference; fileEncoding = 4; lastKnownFileType = sourcecode.cpp.cpp; path = 118_Pascal_Triangle.cpp; sourceTree = "<group>"; };
		7024526C1DDAB44400B3E936 /* 119.cpp */ = {isa = PBXFileReference; fileEncoding = 4; lastKnownFileType = sourcecode.cpp.cpp; path = 119.cpp; sourceTree = "<group>"; };
		7024526D1DDAB44400B3E936 /* 121_Best_Time_to_Buy_and_Sell_Stock.cpp */ = {isa = PBXFileReference; fileEncoding = 4; lastKnownFileType = sourcecode.cpp.cpp; path = 121_Best_Time_to_Buy_and_Sell_Stock.cpp; sourceTree = "<group>"; };
		7024526E1DDAB44400B3E936 /* 125_Valid_Palindrome.cpp */ = {isa = PBXFileReference; fileEncoding = 4; lastKnownFileType = sourcecode.cpp.cpp; path = 125_Valid_Palindrome.cpp; sourceTree = "<group>"; };
		7024526F1DDAB44400B3E936 /* 131.cpp */ = {isa = PBXFileReference; fileEncoding = 4; lastKnownFileType = sourcecode.cpp.cpp; path = 131.cpp; sourceTree = "<group>"; };
		702452701DDAB44400B3E936 /* 133_clone_graph.cpp */ = {isa = PBXFileReference; fileEncoding = 4; lastKnownFileType = sourcecode.cpp.cpp; path = 133_clone_graph.cpp; sourceTree = "<group>"; };
		702452711DDAB44400B3E936 /* 136.cpp */ = {isa = PBXFileReference; fileEncoding = 4; lastKnownFileType = sourcecode.cpp.cpp; path = 136.cpp; sourceTree = "<group>"; };
		702452721DDAB44400B3E936 /* 141_Linked_List_Cycle.cpp */ = {isa = PBXFileReference; fileEncoding = 4; lastKnownFileType = sourcecode.cpp.cpp; path = 141_Linked_List_Cycle.cpp; sourceTree = "<group>"; };
		702452731DDAB44400B3E936 /* 146_LRU_Cache.cpp */ = {isa = PBXFileReference; fileEncoding = 4; lastKnownFileType = sourcecode.cpp.cpp; path = 146_LRU_Cache.cpp; sourceTree = "<group>"; };
		702452741DDAB44400B3E936 /* 155_Min_Stack.cpp */ = {isa = PBXFileReference; fileEncoding = 4; lastKnownFileType = sourcecode.cpp.cpp; path = 155_Min_Stack.cpp; sourceTree = "<group>"; };
		702452751DDAB44400B3E936 /* 160_Intersection_of_Two_Linked_List.cpp */ = {isa = PBXFileReference; fileEncoding = 4; lastKnownFileType = sourcecode.cpp.cpp; path = 160_Intersection_of_Two_Linked_List.cpp; sourceTree = "<group>"; };
		702452761DDAB44400B3E936 /* 168.cpp */ = {isa = PBXFileReference; fileEncoding = 4; lastKnownFileType = sourcecode.cpp.cpp; path = 168.cpp; sourceTree = "<group>"; };
		702452771DDAB44400B3E936 /* 169_Majority_Element.cpp */ = {isa = PBXFileReference; fileEncoding = 4; lastKnownFileType = sourcecode.cpp.cpp; path = 169_Majority_Element.cpp; sourceTree = "<group>"; };
		702452781DDAB44400B3E936 /* 170.cpp */ = {isa = PBXFileReference; fileEncoding = 4; lastKnownFileType = sourcecode.cpp.cpp; path = 170.cpp; sourceTree = "<group>"; };
		702452791DDAB44400B3E936 /* 172_Factorial_Trailing_Zeroes.cpp */ = {isa = PBXFileReference; fileEncoding = 4; lastKnownFileType = sourcecode.cpp.cpp; path = 172_Factorial_Trailing_Zeroes.cpp; sourceTree = "<group>"; };
		7024527A1DDAB44400B3E936 /* 173_Binary_Search_Tree_Iterator.cpp */ = {isa = PBXFileReference; fileEncoding = 4; lastKnownFileType = sourcecode.cpp.cpp; path = 173_Binary_Search_Tree_Iterator.cpp; sourceTree = "<group>"; };
		7024527B1DDAB44400B3E936 /* 177_Excel_Sheet_Column_Number.cpp */ = {isa = PBXFileReference; fileEncoding = 4; lastKnownFileType = sourcecode.cpp.cpp; path = 177_Excel_Sheet_Column_Number.cpp; sourceTree = "<group>"; };
		7024527C1DDAB44400B3E936 /* 189_Rotate_Array.cpp */ = {isa = PBXFileReference; fileEncoding = 4; lastKnownFileType = sourcecode.cpp.cpp; path = 189_Rotate_Array.cpp; sourceTree = "<group>"; };
		7024527D1DDAB44400B3E936 /* 190.cpp */ = {isa = PBXFileReference; fileEncoding = 4; lastKnownFileType = sourcecode.cpp.cpp; path = 190.cpp; sourceTree = "<group>"; };
		7024527E1DDAB44400B3E936 /* 191_Number_of_1_Bits.cpp */ = {isa = PBXFileReference; fileEncoding = 4; lastKnownFileType = sourcecode.cpp.cpp; path = 191_Number_of_1_Bits.cpp; sourceTree = "<group>"; };
		7024527F1DDAB44400B3E936 /* 198_House_Robber.cpp */ = {isa = PBXFileReference; fileEncoding = 4; lastKnownFileType = sourcecode.cpp.cpp; path = 198_House_Robber.cpp; sourceTree = "<group>"; };
		702452801DDAB44400B3E936 /* 202_Happy_Number.cpp */ = {isa = PBXFileReference; fileEncoding = 4; lastKnownFileType = sourcecode.cpp.cpp; path = 202_Happy_Number.cpp; sourceTree = "<group>"; };
		702452811DDAB44400B3E936 /* 203.cpp */ = {isa = PBXFileReference; fileEncoding = 4; lastKnownFileType = sourcecode.cpp.cpp; path = 203.cpp; sourceTree = "<group>"; };
		702452821DDAB44400B3E936 /* 205.cpp */ = {isa = PBXFileReference; fileEncoding = 4; lastKnownFileType = sourcecode.cpp.cpp; path = 205.cpp; sourceTree = "<group>"; };
		702452831DDAB44400B3E936 /* 206_Reverse_Linked_List.cpp */ = {isa = PBXFileReference; fileEncoding = 4; lastKnownFileType = sourcecode.cpp.cpp; path = 206_Reverse_Linked_List.cpp; sourceTree = "<group>"; };
		702452841DDAB44400B3E936 /* 208.cpp */ = {isa = PBXFileReference; fileEncoding = 4; lastKnownFileType = sourcecode.cpp.cpp; path = 208.cpp; sourceTree = "<group>"; };
		702452851DDAB44400B3E936 /* 217_Contains_Duplicate.cpp */ = {isa = PBXFileReference; fileEncoding = 4; lastKnownFileType = sourcecode.cpp.cpp; path = 217_Contains_Duplicate.cpp; sourceTree = "<group>"; };
		702452861DDAB44400B3E936 /* 219_Contains_Duplicate.cpp */ = {isa = PBXFileReference; fileEncoding = 4; lastKnownFileType = sourcecode.cpp.cpp; path = 219_Contains_Duplicate.cpp; sourceTree = "<group>"; };
		702452871DDAB44400B3E936 /* 224_227_Basic_Calculator.cpp */ = {isa = PBXFileReference; fileEncoding = 4; lastKnownFileType = sourcecode.cpp.cpp; path = 224_227_Basic_Calculator.cpp; sourceTree = "<group>"; };
		702452881DDAB44400B3E936 /* 225.cpp */ = {isa = PBXFileReference; fileEncoding = 4; lastKnownFileType = sourcecode.cpp.cpp; path = 225.cpp; sourceTree = "<group>"; };
		702452891DDAB44400B3E936 /* 226.cpp */ = {isa = PBXFileReference; fileEncoding = 4; lastKnownFileType = sourcecode.cpp.cpp; path = 226.cpp; sourceTree = "<group>"; };
		7024528A1DDAB44400B3E936 /* 230.cpp */ = {isa = PBXFileReference; fileEncoding = 4; lastKnownFileType = sourcecode.cpp.cpp; path = 230.cpp; sourceTree = "<group>"; };
		7024528B1DDAB44400B3E936 /* 231.cpp */ = {isa = PBXFileReference; fileEncoding = 4; lastKnownFileType = sourcecode.cpp.cpp; path = 231.cpp; sourceTree = "<group>"; };
		7024528C1DDAB44400B3E936 /* 232_queue_using_stacks.cpp */ = {isa = PBXFileReference; fileEncoding = 4; lastKnownFileType = sourcecode.cpp.cpp; path = 232_queue_using_stacks.cpp; sourceTree = "<group>"; };
		7024528D1DDAB44400B3E936 /* 234_Palindrome_Linked_List.cpp */ = {isa = PBXFileReference; fileEncoding = 4; lastKnownFileType = sourcecode.cpp.cpp; path = 234_Palindrome_Linked_List.cpp; sourceTree = "<group>"; };
		7024528E1DDAB44400B3E936 /* 235_Lowest_Common_Ancestor_of_a_Binary_Search_Tree.cpp */ = {isa = PBXFileReference; fileEncoding = 4; lastKnownFileType = sourcecode.cpp.cpp; path = 235_Lowest_Common_Ancestor_of_a_Binary_Search_Tree.cpp; sourceTree = "<group>"; };
		7024528F1DDAB44400B3E936 /* 242_Valid_Anagram.cpp */ = {isa = PBXFileReference; fileEncoding = 4; lastKnownFileType = sourcecode.cpp.cpp; path = 242_Valid_Anagram.cpp; sourceTree = "<group>"; };
		702452901DDAB44400B3E936 /* 243.cpp */ = {isa = PBXFileReference; fileEncoding = 4; lastKnownFileType = sourcecode.cpp.cpp; path = 243.cpp; sourceTree = "<group>"; };
		702452911DDAB44400B3E936 /* 246.cpp */ = {isa = PBXFileReference; fileEncoding = 4; lastKnownFileType = sourcecode.cpp.cpp; path = 246.cpp; sourceTree = "<group>"; };
		702452921DDAB44400B3E936 /* 249_Group_Shifted_Strings.cpp */ = {isa = PBXFileReference; fileEncoding = 4; lastKnownFileType = sourcecode.cpp.cpp; path = 249_Group_Shifted_Strings.cpp; sourceTree = "<group>"; };
		702452931DDAB44400B3E936 /* 251.cpp */ = {isa = PBXFileReference; fileEncoding = 4; lastKnownFileType = sourcecode.cpp.cpp; path = 251.cpp; sourceTree = "<group>"; };
		702452941DDAB44400B3E936 /* 252_Meeting_Room.cpp */ = {isa = PBXFileReference; fileEncoding = 4; lastKnownFileType = sourcecode.cpp.cpp; path = 252_Meeting_Room.cpp; sourceTree = "<group>"; };
		702452951DDAB44400B3E936 /* 257_Binary_Tree_Paths.cpp */ = {isa = PBXFileReference; fileEncoding = 4; lastKnownFileType = sourcecode.cpp.cpp; path = 257_Binary_Tree_Paths.cpp; sourceTree = "<group>"; };
		702452961DDAB44400B3E936 /* 258_Add_Digits.cpp */ = {isa = PBXFileReference; fileEncoding = 4; lastKnownFileType = sourcecode.cpp.cpp; path = 258_Add_Digits.cpp; sourceTree = "<group>"; };
		702452971DDAB44400B3E936 /* 263_264_313_Ugly_Number.cpp */ = {isa = PBXFileReference; fileEncoding = 4; lastKnownFileType = sourcecode.cpp.cpp; path = 263_264_313_Ugly_Number.cpp; sourceTree = "<group>"; };
		702452981DDAB44400B3E936 /* 266_Palindrome_Permutation.cpp */ = {isa = PBXFileReference; fileEncoding = 4; lastKnownFileType = sourcecode.cpp.cpp; path = 266_Palindrome_Permutation.cpp; sourceTree = "<group>"; };
		702452991DDAB44400B3E936 /* 270_Closeset_Binary_Search_Tree_Value.cpp */ = {isa = PBXFileReference; fileEncoding = 4; lastKnownFileType = sourcecode.cpp.cpp; path = 270_Closeset_Binary_Search_Tree_Value.cpp; sourceTree = "<group>"; };
		7024529A1DDAB44400B3E936 /* 276_Paint_Fence.cpp */ = {isa = PBXFileReference; fileEncoding = 4; lastKnownFileType = sourcecode.cpp.cpp; path = 276_Paint_Fence.cpp; sourceTree = "<group>"; };
		7024529B1DDAB44400B3E936 /* 278_First_Bad_Version.cpp */ = {isa = PBXFileReference; fileEncoding = 4; lastKnownFileType = sourcecode.cpp.cpp; path = 278_First_Bad_Version.cpp; sourceTree = "<group>"; };
		7024529C1DDAB44400B3E936 /* 281.cpp */ = {isa = PBXFileReference; fileEncoding = 4; lastKnownFileType = sourcecode.cpp.cpp; path = 281.cpp; sourceTree = "<group>"; };
		7024529D1DDAB44400B3E936 /* 283_Move_Zeros.cpp */ = {isa = PBXFileReference; fileEncoding = 4; lastKnownFileType = sourcecode.cpp.cpp; path = 283_Move_Zeros.cpp; sourceTree = "<group>"; };
		7024529E1DDAB44400B3E936 /* 284.cpp */ = {isa = PBXFileReference; fileEncoding = 4; lastKnownFileType = sourcecode.cpp.cpp; path = 284.cpp; sourceTree = "<group>"; };
		7024529F1DDAB44400B3E936 /* 288_Unique_Word_Abbreviation.cpp */ = {isa = PBXFileReference; fileEncoding = 4; lastKnownFileType = sourcecode.cpp.cpp; path = 288_Unique_Word_Abbreviation.cpp; sourceTree = "<group>"; };
		702452A01DDAB44400B3E936 /* 290_Word_Pattern.cpp */ = {isa = PBXFileReference; fileEncoding = 4; lastKnownFileType = sourcecode.cpp.cpp; path = 290_Word_Pattern.cpp; sourceTree = "<group>"; };
		702452A11DDAB44400B3E936 /* 292_Nim_Game.cpp */ = {isa = PBXFileReference; fileEncoding = 4; lastKnownFileType = sourcecode.cpp.cpp; path = 292_Nim_Game.cpp; sourceTree = "<group>"; };
		702452A21DDAB44400B3E936 /* 293_File_Game.cpp */ = {isa = PBXFileReference; fileEncoding = 4; lastKnownFileType = sourcecode.cpp.cpp; path = 293_File_Game.cpp; sourceTree = "<group>"; };
		702452A31DDAB44400B3E936 /* 299_Bulls_and_Cows.cpp */ = {isa = PBXFileReference; fileEncoding = 4; lastKnownFileType = sourcecode.cpp.cpp; path = 299_Bulls_and_Cows.cpp; sourceTree = "<group>"; };
		702452A41DDAB44400B3E936 /* 303_Range_Sum_Query_Immutable.cpp */ = {isa = PBXFileReference; fileEncoding = 4; lastKnownFileType = sourcecode.cpp.cpp; path = 303_Range_Sum_Query_Immutable.cpp; sourceTree = "<group>"; };
		702452A51DDAB44400B3E936 /* 341_Flatten_Nested_List_Iterator.cpp */ = {isa = PBXFileReference; fileEncoding = 4; lastKnownFileType = sourcecode.cpp.cpp; path = 341_Flatten_Nested_List_Iterator.cpp; sourceTree = "<group>"; };
		702452A61DDAB44400B3E936 /* 342.cpp */ = {isa = PBXFileReference; fileEncoding = 4; lastKnownFileType = sourcecode.cpp.cpp; path = 342.cpp; sourceTree = "<group>"; };
		702452A71DDAB44400B3E936 /* 344.cpp */ = {isa = PBXFileReference; fileEncoding = 4; lastKnownFileType = sourcecode.cpp.cpp; path = 344.cpp; sourceTree = "<group>"; };
		702452A81DDAB44400B3E936 /* 345.cpp */ = {isa = PBXFileReference; fileEncoding = 4; lastKnownFileType = sourcecode.cpp.cpp; path = 345.cpp; sourceTree = "<group>"; };
		702452A91DDAB44400B3E936 /* 349.cpp */ = {isa = PBXFileReference; fileEncoding = 4; lastKnownFileType = sourcecode.cpp.cpp; path = 349.cpp; sourceTree = "<group>"; };
		702452AA1DDAB44400B3E936 /* 350.cpp */ = {isa = PBXFileReference; fileEncoding = 4; lastKnownFileType = sourcecode.cpp.cpp; path = 350.cpp; sourceTree = "<group>"; };
		702452AB1DDAB44400B3E936 /* 371_Sum_of_Two_Intergers.cpp */ = {isa = PBXFileReference; fileEncoding = 4; lastKnownFileType = sourcecode.cpp.cpp; path = 371_Sum_of_Two_Intergers.cpp; sourceTree = "<group>"; };
		702452AC1DDAB44400B3E936 /* 383.cpp */ = {isa = PBXFileReference; fileEncoding = 4; lastKnownFileType = sourcecode.cpp.cpp; path = 383.cpp; sourceTree = "<group>"; };
		702452AD1DDAB44400B3E936 /* 384.cpp */ = {isa = PBXFileReference; fileEncoding = 4; lastKnownFileType = sourcecode.cpp.cpp; path = 384.cpp; sourceTree = "<group>"; };
		702452AE1DDAB44400B3E936 /* 387.cpp */ = {isa = PBXFileReference; fileEncoding = 4; lastKnownFileType = sourcecode.cpp.cpp; path = 387.cpp; sourceTree = "<group>"; };
		702452AF1DDAB44400B3E936 /* 389.cpp */ = {isa = PBXFileReference; fileEncoding = 4; lastKnownFileType = sourcecode.cpp.cpp; path = 389.cpp; sourceTree = "<group>"; };
		702452B01DDAB44400B3E936 /* 396.cpp */ = {isa = PBXFileReference; fileEncoding = 4; lastKnownFileType = sourcecode.cpp.cpp; path = 396.cpp; sourceTree = "<group>"; };
		702452B11DDAB44400B3E936 /* 397.cpp */ = {isa = PBXFileReference; fileEncoding = 4; lastKnownFileType = sourcecode.cpp.cpp; path = 397.cpp; sourceTree = "<group>"; };
		702452B21DDAB44400B3E936 /* 409.cpp */ = {isa = PBXFileReference; fileEncoding = 4; lastKnownFileType = sourcecode.cpp.cpp; path = 409.cpp; sourceTree = "<group>"; };
		702452B31DDAB44400B3E936 /* 412.cpp */ = {isa = PBXFileReference; fileEncoding = 4; lastKnownFileType = sourcecode.cpp.cpp; path = 412.cpp; sourceTree = "<group>"; };
		702452B41DDAB44400B3E936 /* Header.h */ = {isa = PBXFileReference; fileEncoding = 4; lastKnownFileType = sourcecode.c.h; path = Header.h; sourceTree = "<group>"; };
		702452B51DDAB44400B3E936 /* main.cpp */ = {isa = PBXFileReference; fileEncoding = 4; lastKnownFileType = sourcecode.cpp.cpp; path = main.cpp; sourceTree = "<group>"; };
		702452B61DDAB44400B3E936 /* Medium.cpp */ = {isa = PBXFileReference; fileEncoding = 4; lastKnownFileType = sourcecode.cpp.cpp; path = Medium.cpp; sourceTree = "<group>"; };
		702453181DDACCCB00B3E936 /* 210_course_schedule_II.cpp */ = {isa = PBXFileReference; fileEncoding = 4; lastKnownFileType = sourcecode.cpp.cpp; path = 210_course_schedule_II.cpp; sourceTree = "<group>"; };
		7024531A1DDAE41100B3E936 /* 372_Super_Pow.cpp */ = {isa = PBXFileReference; fileEncoding = 4; lastKnownFileType = sourcecode.cpp.cpp; path = 372_Super_Pow.cpp; sourceTree = "<group>"; };
		708919871CC436220042FCA1 /* LeetCode */ = {isa = PBXFileReference; explicitFileType = "compiled.mach-o.executable"; includeInIndex = 0; path = LeetCode; sourceTree = BUILT_PRODUCTS_DIR; };
/* End PBXFileReference section */

/* Begin PBXFrameworksBuildPhase section */
		708919841CC436220042FCA1 /* Frameworks */ = {
			isa = PBXFrameworksBuildPhase;
			buildActionMask = 2147483647;
			files = (
			);
			runOnlyForDeploymentPostprocessing = 0;
		};
/* End PBXFrameworksBuildPhase section */

/* Begin PBXGroup section */
		7089197E1CC436220042FCA1 = {
			isa = PBXGroup;
			children = (
				708919891CC436220042FCA1 /* LeetCode */,
				708919881CC436220042FCA1 /* Products */,
			);
			sourceTree = "<group>";
		};
		708919881CC436220042FCA1 /* Products */ = {
			isa = PBXGroup;
			children = (
				708919871CC436220042FCA1 /* LeetCode */,
			);
			name = Products;
			sourceTree = "<group>";
		};
		708919891CC436220042FCA1 /* LeetCode */ = {
			isa = PBXGroup;
			children = (
				702452551DDAB44400B3E936 /* 1.cpp */,
				702452561DDAB44400B3E936 /* 2.cpp */,
				702452571DDAB44400B3E936 /* 7_Reverse_Integer.cpp */,
				702452581DDAB44400B3E936 /* 21_Merge_Two_Sorted_Lists.cpp */,
				702452591DDAB44400B3E936 /* 26_Remove_Duplicate_from_Sorted_Array.cpp */,
				7024525A1DDAB44400B3E936 /* 27_Remove_Element.cpp */,
				7024525B1DDAB44400B3E936 /* 28_Implement_strStr.cpp */,
				7024525C1DDAB44400B3E936 /* 38_Count_and_Say.cpp */,
				7024525D1DDAB44400B3E936 /* 50_Pow(x, n).cpp */,
				7024525E1DDAB44400B3E936 /* 58.cpp */,
				7024525F1DDAB44400B3E936 /* 66_Plus_One.cpp */,
				702452601DDAB44400B3E936 /* 67_Add_Binary.cpp */,
				702452611DDAB44400B3E936 /* 70_Climbing_Stairs.cpp */,
				702452621DDAB44400B3E936 /* 83.cpp */,
				702452631DDAB44400B3E936 /* 88_Merge_Sorted_Array.cpp */,
				702452641DDAB44400B3E936 /* 100_Same_Tree.cpp */,
				702452651DDAB44400B3E936 /* 101.cpp */,
				702452661DDAB44400B3E936 /* 102.cpp */,
				702452671DDAB44400B3E936 /* 107.cpp */,
				702452681DDAB44400B3E936 /* 110__Balanced_Binary_Tree.cpp */,
				702452691DDAB44400B3E936 /* 111.cpp */,
				7024526A1DDAB44400B3E936 /* 112.cpp */,
				7024526B1DDAB44400B3E936 /* 118_Pascal_Triangle.cpp */,
				7024526C1DDAB44400B3E936 /* 119.cpp */,
				7024526D1DDAB44400B3E936 /* 121_Best_Time_to_Buy_and_Sell_Stock.cpp */,
				7024526E1DDAB44400B3E936 /* 125_Valid_Palindrome.cpp */,
				7024526F1DDAB44400B3E936 /* 131.cpp */,
				702452701DDAB44400B3E936 /* 133_clone_graph.cpp */,
				702452711DDAB44400B3E936 /* 136.cpp */,
				702452721DDAB44400B3E936 /* 141_Linked_List_Cycle.cpp */,
				702452731DDAB44400B3E936 /* 146_LRU_Cache.cpp */,
				702452741DDAB44400B3E936 /* 155_Min_Stack.cpp */,
				702452751DDAB44400B3E936 /* 160_Intersection_of_Two_Linked_List.cpp */,
				702452761DDAB44400B3E936 /* 168.cpp */,
				702452771DDAB44400B3E936 /* 169_Majority_Element.cpp */,
				702452781DDAB44400B3E936 /* 170.cpp */,
				702452791DDAB44400B3E936 /* 172_Factorial_Trailing_Zeroes.cpp */,
				7024527A1DDAB44400B3E936 /* 173_Binary_Search_Tree_Iterator.cpp */,
				7024527B1DDAB44400B3E936 /* 177_Excel_Sheet_Column_Number.cpp */,
				7024527C1DDAB44400B3E936 /* 189_Rotate_Array.cpp */,
				7024527D1DDAB44400B3E936 /* 190.cpp */,
				7024527E1DDAB44400B3E936 /* 191_Number_of_1_Bits.cpp */,
				7024527F1DDAB44400B3E936 /* 198_House_Robber.cpp */,
				702452801DDAB44400B3E936 /* 202_Happy_Number.cpp */,
				702452811DDAB44400B3E936 /* 203.cpp */,
				702452821DDAB44400B3E936 /* 205.cpp */,
				702452831DDAB44400B3E936 /* 206_Reverse_Linked_List.cpp */,
				702452841DDAB44400B3E936 /* 208.cpp */,
				702453181DDACCCB00B3E936 /* 210_course_schedule_II.cpp */,
				702452851DDAB44400B3E936 /* 217_Contains_Duplicate.cpp */,
				702452861DDAB44400B3E936 /* 219_Contains_Duplicate.cpp */,
				702452871DDAB44400B3E936 /* 224_227_Basic_Calculator.cpp */,
				702452881DDAB44400B3E936 /* 225.cpp */,
				702452891DDAB44400B3E936 /* 226.cpp */,
				7024531A1DDAE41100B3E936 /* 372_Super_Pow.cpp */,
				7024528A1DDAB44400B3E936 /* 230.cpp */,
				7024528B1DDAB44400B3E936 /* 231.cpp */,
				7024528C1DDAB44400B3E936 /* 232_queue_using_stacks.cpp */,
				7024528D1DDAB44400B3E936 /* 234_Palindrome_Linked_List.cpp */,
				7024528E1DDAB44400B3E936 /* 235_Lowest_Common_Ancestor_of_a_Binary_Search_Tree.cpp */,
				7024528F1DDAB44400B3E936 /* 242_Valid_Anagram.cpp */,
				702452901DDAB44400B3E936 /* 243.cpp */,
				702452911DDAB44400B3E936 /* 246.cpp */,
				702452921DDAB44400B3E936 /* 249_Group_Shifted_Strings.cpp */,
				702452931DDAB44400B3E936 /* 251.cpp */,
				702452941DDAB44400B3E936 /* 252_Meeting_Room.cpp */,
				702452951DDAB44400B3E936 /* 257_Binary_Tree_Paths.cpp */,
				702452961DDAB44400B3E936 /* 258_Add_Digits.cpp */,
				702452971DDAB44400B3E936 /* 263_264_313_Ugly_Number.cpp */,
				702452981DDAB44400B3E936 /* 266_Palindrome_Permutation.cpp */,
				702452991DDAB44400B3E936 /* 270_Closeset_Binary_Search_Tree_Value.cpp */,
				7024529A1DDAB44400B3E936 /* 276_Paint_Fence.cpp */,
				7024529B1DDAB44400B3E936 /* 278_First_Bad_Version.cpp */,
				7024529C1DDAB44400B3E936 /* 281.cpp */,
				7024529D1DDAB44400B3E936 /* 283_Move_Zeros.cpp */,
				7024529E1DDAB44400B3E936 /* 284.cpp */,
				7024529F1DDAB44400B3E936 /* 288_Unique_Word_Abbreviation.cpp */,
				702452A01DDAB44400B3E936 /* 290_Word_Pattern.cpp */,
				702452A11DDAB44400B3E936 /* 292_Nim_Game.cpp */,
				702452A21DDAB44400B3E936 /* 293_File_Game.cpp */,
				702452A31DDAB44400B3E936 /* 299_Bulls_and_Cows.cpp */,
				702452A41DDAB44400B3E936 /* 303_Range_Sum_Query_Immutable.cpp */,
				702452A51DDAB44400B3E936 /* 341_Flatten_Nested_List_Iterator.cpp */,
				702452A61DDAB44400B3E936 /* 342.cpp */,
				702452A71DDAB44400B3E936 /* 344.cpp */,
				702452A81DDAB44400B3E936 /* 345.cpp */,
				702452A91DDAB44400B3E936 /* 349.cpp */,
				702452AA1DDAB44400B3E936 /* 350.cpp */,
				702452AB1DDAB44400B3E936 /* 371_Sum_of_Two_Intergers.cpp */,
				702452AC1DDAB44400B3E936 /* 383.cpp */,
				702452AD1DDAB44400B3E936 /* 384.cpp */,
				702452AE1DDAB44400B3E936 /* 387.cpp */,
				702452AF1DDAB44400B3E936 /* 389.cpp */,
				702452B01DDAB44400B3E936 /* 396.cpp */,
				702452B11DDAB44400B3E936 /* 397.cpp */,
				702452B21DDAB44400B3E936 /* 409.cpp */,
				702452B31DDAB44400B3E936 /* 412.cpp */,
				702452B41DDAB44400B3E936 /* Header.h */,
				702452B51DDAB44400B3E936 /* main.cpp */,
				702452B61DDAB44400B3E936 /* Medium.cpp */,
			);
			path = LeetCode;
			sourceTree = "<group>";
		};
/* End PBXGroup section */

/* Begin PBXNativeTarget section */
		708919861CC436220042FCA1 /* LeetCode */ = {
			isa = PBXNativeTarget;
			buildConfigurationList = 7089198E1CC436220042FCA1 /* Build configuration list for PBXNativeTarget "LeetCode" */;
			buildPhases = (
				708919831CC436220042FCA1 /* Sources */,
				708919841CC436220042FCA1 /* Frameworks */,
				708919851CC436220042FCA1 /* CopyFiles */,
			);
			buildRules = (
			);
			dependencies = (
			);
			name = LeetCode;
			productName = LeetCode;
			productReference = 708919871CC436220042FCA1 /* LeetCode */;
			productType = "com.apple.product-type.tool";
		};
/* End PBXNativeTarget section */

/* Begin PBXProject section */
		7089197F1CC436220042FCA1 /* Project object */ = {
			isa = PBXProject;
			attributes = {
				LastUpgradeCheck = 0730;
				ORGANIZATIONNAME = "Minghao Pu";
				TargetAttributes = {
					708919861CC436220042FCA1 = {
						CreatedOnToolsVersion = 7.3;
					};
				};
			};
			buildConfigurationList = 708919821CC436220042FCA1 /* Build configuration list for PBXProject "LeetCode" */;
			compatibilityVersion = "Xcode 3.2";
			developmentRegion = English;
			hasScannedForEncodings = 0;
			knownRegions = (
				en,
			);
			mainGroup = 7089197E1CC436220042FCA1;
			productRefGroup = 708919881CC436220042FCA1 /* Products */;
			projectDirPath = "";
			projectRoot = "";
			targets = (
				708919861CC436220042FCA1 /* LeetCode */,
			);
		};
/* End PBXProject section */

/* Begin PBXSourcesBuildPhase section */
		708919831CC436220042FCA1 /* Sources */ = {
			isa = PBXSourcesBuildPhase;
			buildActionMask = 2147483647;
			files = (
				7024530C1DDAB44400B3E936 /* 350.cpp in Sources */,
				702452D51DDAB44400B3E936 /* 146_LRU_Cache.cpp in Sources */,
				702452E41DDAB44400B3E936 /* 205.cpp in Sources */,
				702453011DDAB44400B3E936 /* 288_Unique_Word_Abbreviation.cpp in Sources */,
				702452F61DDAB44400B3E936 /* 252_Meeting_Room.cpp in Sources */,
				702452CB1DDAB44400B3E936 /* 111.cpp in Sources */,
				702452FF1DDAB44400B3E936 /* 283_Move_Zeros.cpp in Sources */,
				702452CF1DDAB44400B3E936 /* 121_Best_Time_to_Buy_and_Sell_Stock.cpp in Sources */,
				702452E31DDAB44400B3E936 /* 203.cpp in Sources */,
				702452DF1DDAB44400B3E936 /* 190.cpp in Sources */,
				702453031DDAB44400B3E936 /* 292_Nim_Game.cpp in Sources */,
				7024530D1DDAB44400B3E936 /* 371_Sum_of_Two_Intergers.cpp in Sources */,
				702452D71DDAB44400B3E936 /* 160_Intersection_of_Two_Linked_List.cpp in Sources */,
				702452D31DDAB44400B3E936 /* 136.cpp in Sources */,
				702452C01DDAB44400B3E936 /* 58.cpp in Sources */,
				702452FA1DDAB44400B3E936 /* 266_Palindrome_Permutation.cpp in Sources */,
				702452BD1DDAB44400B3E936 /* 28_Implement_strStr.cpp in Sources */,
				702452D81DDAB44400B3E936 /* 168.cpp in Sources */,
				702452E01DDAB44400B3E936 /* 191_Number_of_1_Bits.cpp in Sources */,
				702453051DDAB44400B3E936 /* 299_Bulls_and_Cows.cpp in Sources */,
				702452FC1DDAB44400B3E936 /* 276_Paint_Fence.cpp in Sources */,
				702452F01DDAB44400B3E936 /* 235_Lowest_Common_Ancestor_of_a_Binary_Search_Tree.cpp in Sources */,
				702452CE1DDAB44400B3E936 /* 119.cpp in Sources */,
				702452EF1DDAB44400B3E936 /* 234_Palindrome_Linked_List.cpp in Sources */,
				702453021DDAB44400B3E936 /* 290_Word_Pattern.cpp in Sources */,
				702452C31DDAB44400B3E936 /* 70_Climbing_Stairs.cpp in Sources */,
				702452EB1DDAB44400B3E936 /* 226.cpp in Sources */,
				7024530B1DDAB44400B3E936 /* 349.cpp in Sources */,
				702452B81DDAB44400B3E936 /* 2.cpp in Sources */,
				702452F51DDAB44400B3E936 /* 251.cpp in Sources */,
				702452CD1DDAB44400B3E936 /* 118_Pascal_Triangle.cpp in Sources */,
				702452C21DDAB44400B3E936 /* 67_Add_Binary.cpp in Sources */,
				702453081DDAB44400B3E936 /* 342.cpp in Sources */,
				7024530F1DDAB44400B3E936 /* 384.cpp in Sources */,
				702452E81DDAB44400B3E936 /* 219_Contains_Duplicate.cpp in Sources */,
				702452FD1DDAB44400B3E936 /* 278_First_Bad_Version.cpp in Sources */,
				702452EE1DDAB44400B3E936 /* 232_queue_using_stacks.cpp in Sources */,
				702452FE1DDAB44400B3E936 /* 281.cpp in Sources */,
				702452D41DDAB44400B3E936 /* 141_Linked_List_Cycle.cpp in Sources */,
				702452E91DDAB44400B3E936 /* 224_227_Basic_Calculator.cpp in Sources */,
				7024530A1DDAB44400B3E936 /* 345.cpp in Sources */,
				702453041DDAB44400B3E936 /* 293_File_Game.cpp in Sources */,
				702453121DDAB44400B3E936 /* 396.cpp in Sources */,
				702453061DDAB44400B3E936 /* 303_Range_Sum_Query_Immutable.cpp in Sources */,
				702452F11DDAB44400B3E936 /* 242_Valid_Anagram.cpp in Sources */,
				702452E61DDAB44400B3E936 /* 208.cpp in Sources */,
				702452E51DDAB44400B3E936 /* 206_Reverse_Linked_List.cpp in Sources */,
				702452BC1DDAB44400B3E936 /* 27_Remove_Element.cpp in Sources */,
				702452F71DDAB44400B3E936 /* 257_Binary_Tree_Paths.cpp in Sources */,
				702453171DDAB44400B3E936 /* Medium.cpp in Sources */,
				702452E71DDAB44400B3E936 /* 217_Contains_Duplicate.cpp in Sources */,
				702452C51DDAB44400B3E936 /* 88_Merge_Sorted_Array.cpp in Sources */,
				702453071DDAB44400B3E936 /* 341_Flatten_Nested_List_Iterator.cpp in Sources */,
				702452CA1DDAB44400B3E936 /* 110__Balanced_Binary_Tree.cpp in Sources */,
				702452D21DDAB44400B3E936 /* 133_clone_graph.cpp in Sources */,
				702452C61DDAB44400B3E936 /* 100_Same_Tree.cpp in Sources */,
				702452BB1DDAB44400B3E936 /* 26_Remove_Duplicate_from_Sorted_Array.cpp in Sources */,
				7024530E1DDAB44400B3E936 /* 383.cpp in Sources */,
				702453131DDAB44400B3E936 /* 397.cpp in Sources */,
				702452F41DDAB44400B3E936 /* 249_Group_Shifted_Strings.cpp in Sources */,
				702452B91DDAB44400B3E936 /* 7_Reverse_Integer.cpp in Sources */,
				702453191DDACCCB00B3E936 /* 210_course_schedule_II.cpp in Sources */,
				702452F31DDAB44400B3E936 /* 246.cpp in Sources */,
				702452DB1DDAB44400B3E936 /* 172_Factorial_Trailing_Zeroes.cpp in Sources */,
				702453161DDAB44400B3E936 /* main.cpp in Sources */,
				702452E11DDAB44400B3E936 /* 198_House_Robber.cpp in Sources */,
				702453111DDAB44400B3E936 /* 389.cpp in Sources */,
				702452C71DDAB44400B3E936 /* 101.cpp in Sources */,
				702452EA1DDAB44400B3E936 /* 225.cpp in Sources */,
				7024531B1DDAE41100B3E936 /* 372_Super_Pow.cpp in Sources */,
				702452B71DDAB44400B3E936 /* 1.cpp in Sources */,
				702452D61DDAB44400B3E936 /* 155_Min_Stack.cpp in Sources */,
				702452DA1DDAB44400B3E936 /* 170.cpp in Sources */,
				702452BE1DDAB44400B3E936 /* 38_Count_and_Say.cpp in Sources */,
				702452EC1DDAB44400B3E936 /* 230.cpp in Sources */,
				702452DE1DDAB44400B3E936 /* 189_Rotate_Array.cpp in Sources */,
				702452F21DDAB44400B3E936 /* 243.cpp in Sources */,
				702452C41DDAB44400B3E936 /* 83.cpp in Sources */,
				702452BF1DDAB44400B3E936 /* 50_Pow(x, n).cpp in Sources */,
				702452C81DDAB44400B3E936 /* 102.cpp in Sources */,
				702452F91DDAB44400B3E936 /* 263_264_313_Ugly_Number.cpp in Sources */,
				702453141DDAB44400B3E936 /* 409.cpp in Sources */,
				702452FB1DDAB44400B3E936 /* 270_Closeset_Binary_Search_Tree_Value.cpp in Sources */,
				702453091DDAB44400B3E936 /* 344.cpp in Sources */,
				702452ED1DDAB44400B3E936 /* 231.cpp in Sources */,
				702453001DDAB44400B3E936 /* 284.cpp in Sources */,
				702452DC1DDAB44400B3E936 /* 173_Binary_Search_Tree_Iterator.cpp in Sources */,
				702452D91DDAB44400B3E936 /* 169_Majority_Element.cpp in Sources */,
				702452DD1DDAB44400B3E936 /* 177_Excel_Sheet_Column_Number.cpp in Sources */,
				702452D11DDAB44400B3E936 /* 131.cpp in Sources */,
				702452E21DDAB44400B3E936 /* 202_Happy_Number.cpp in Sources */,
				702452BA1DDAB44400B3E936 /* 21_Merge_Two_Sorted_Lists.cpp in Sources */,
				702453101DDAB44400B3E936 /* 387.cpp in Sources */,
				702453151DDAB44400B3E936 /* 412.cpp in Sources */,
				702452D01DDAB44400B3E936 /* 125_Valid_Palindrome.cpp in Sources */,
				702452C11DDAB44400B3E936 /* 66_Plus_One.cpp in Sources */,
				702452CC1DDAB44400B3E936 /* 112.cpp in Sources */,
				702452C91DDAB44400B3E936 /* 107.cpp in Sources */,
				702452F81DDAB44400B3E936 /* 258_Add_Digits.cpp in Sources */,
			);
			runOnlyForDeploymentPostprocessing = 0;
		};
/* End PBXSourcesBuildPhase section */

/* Begin XCBuildConfiguration section */
		7089198C1CC436220042FCA1 /* Debug */ = {
			isa = XCBuildConfiguration;
			buildSettings = {
				ALWAYS_SEARCH_USER_PATHS = NO;
				CLANG_ANALYZER_NONNULL = YES;
				CLANG_CXX_LANGUAGE_STANDARD = "gnu++0x";
				CLANG_CXX_LIBRARY = "libc++";
				CLANG_ENABLE_MODULES = YES;
				CLANG_ENABLE_OBJC_ARC = YES;
				CLANG_WARN_BOOL_CONVERSION = YES;
				CLANG_WARN_CONSTANT_CONVERSION = YES;
				CLANG_WARN_DIRECT_OBJC_ISA_USAGE = YES_ERROR;
				CLANG_WARN_EMPTY_BODY = YES;
				CLANG_WARN_ENUM_CONVERSION = YES;
				CLANG_WARN_INT_CONVERSION = YES;
				CLANG_WARN_OBJC_ROOT_CLASS = YES_ERROR;
				CLANG_WARN_UNREACHABLE_CODE = YES;
				CLANG_WARN__DUPLICATE_METHOD_MATCH = YES;
				CODE_SIGN_IDENTITY = "-";
				COPY_PHASE_STRIP = NO;
				DEBUG_INFORMATION_FORMAT = dwarf;
				ENABLE_STRICT_OBJC_MSGSEND = YES;
				ENABLE_TESTABILITY = YES;
				GCC_C_LANGUAGE_STANDARD = gnu99;
				GCC_DYNAMIC_NO_PIC = NO;
				GCC_NO_COMMON_BLOCKS = YES;
				GCC_OPTIMIZATION_LEVEL = 0;
				GCC_PREPROCESSOR_DEFINITIONS = (
					"DEBUG=1",
					"$(inherited)",
				);
				GCC_WARN_64_TO_32_BIT_CONVERSION = YES;
				GCC_WARN_ABOUT_RETURN_TYPE = YES_ERROR;
				GCC_WARN_UNDECLARED_SELECTOR = YES;
				GCC_WARN_UNINITIALIZED_AUTOS = YES_AGGRESSIVE;
				GCC_WARN_UNUSED_FUNCTION = YES;
				GCC_WARN_UNUSED_VARIABLE = YES;
				MACOSX_DEPLOYMENT_TARGET = 10.11;
				MTL_ENABLE_DEBUG_INFO = YES;
				ONLY_ACTIVE_ARCH = YES;
				SDKROOT = macosx;
			};
			name = Debug;
		};
		7089198D1CC436220042FCA1 /* Release */ = {
			isa = XCBuildConfiguration;
			buildSettings = {
				ALWAYS_SEARCH_USER_PATHS = NO;
				CLANG_ANALYZER_NONNULL = YES;
				CLANG_CXX_LANGUAGE_STANDARD = "gnu++0x";
				CLANG_CXX_LIBRARY = "libc++";
				CLANG_ENABLE_MODULES = YES;
				CLANG_ENABLE_OBJC_ARC = YES;
				CLANG_WARN_BOOL_CONVERSION = YES;
				CLANG_WARN_CONSTANT_CONVERSION = YES;
				CLANG_WARN_DIRECT_OBJC_ISA_USAGE = YES_ERROR;
				CLANG_WARN_EMPTY_BODY = YES;
				CLANG_WARN_ENUM_CONVERSION = YES;
				CLANG_WARN_INT_CONVERSION = YES;
				CLANG_WARN_OBJC_ROOT_CLASS = YES_ERROR;
				CLANG_WARN_UNREACHABLE_CODE = YES;
				CLANG_WARN__DUPLICATE_METHOD_MATCH = YES;
				CODE_SIGN_IDENTITY = "-";
				COPY_PHASE_STRIP = NO;
				DEBUG_INFORMATION_FORMAT = "dwarf-with-dsym";
				ENABLE_NS_ASSERTIONS = NO;
				ENABLE_STRICT_OBJC_MSGSEND = YES;
				GCC_C_LANGUAGE_STANDARD = gnu99;
				GCC_NO_COMMON_BLOCKS = YES;
				GCC_WARN_64_TO_32_BIT_CONVERSION = YES;
				GCC_WARN_ABOUT_RETURN_TYPE = YES_ERROR;
				GCC_WARN_UNDECLARED_SELECTOR = YES;
				GCC_WARN_UNINITIALIZED_AUTOS = YES_AGGRESSIVE;
				GCC_WARN_UNUSED_FUNCTION = YES;
				GCC_WARN_UNUSED_VARIABLE = YES;
				MACOSX_DEPLOYMENT_TARGET = 10.11;
				MTL_ENABLE_DEBUG_INFO = NO;
				SDKROOT = macosx;
			};
			name = Release;
		};
		7089198F1CC436220042FCA1 /* Debug */ = {
			isa = XCBuildConfiguration;
			buildSettings = {
				PRODUCT_NAME = "$(TARGET_NAME)";
			};
			name = Debug;
		};
		708919901CC436220042FCA1 /* Release */ = {
			isa = XCBuildConfiguration;
			buildSettings = {
				PRODUCT_NAME = "$(TARGET_NAME)";
			};
			name = Release;
		};
/* End XCBuildConfiguration section */

/* Begin XCConfigurationList section */
		708919821CC436220042FCA1 /* Build configuration list for PBXProject "LeetCode" */ = {
			isa = XCConfigurationList;
			buildConfigurations = (
				7089198C1CC436220042FCA1 /* Debug */,
				7089198D1CC436220042FCA1 /* Release */,
			);
			defaultConfigurationIsVisible = 0;
			defaultConfigurationName = Release;
		};
		7089198E1CC436220042FCA1 /* Build configuration list for PBXNativeTarget "LeetCode" */ = {
			isa = XCConfigurationList;
			buildConfigurations = (
				7089198F1CC436220042FCA1 /* Debug */,
				708919901CC436220042FCA1 /* Release */,
			);
			defaultConfigurationIsVisible = 0;
			defaultConfigurationName = Release;
		};
/* End XCConfigurationList section */
	};
	rootObject = 7089197F1CC436220042FCA1 /* Project object */;
}
