// !$*UTF8*$!
{
	archiveVersion = 1;
	classes = {
	};
	objectVersion = 46;
	objects = {

/* Begin PBXBuildFile section */
		702EFE9E1CCDB7C1000A5973 /* 270_Closeset_Binary_Search_Tree_Value.cpp in Sources */ = {isa = PBXBuildFile; fileRef = 702EFE9D1CCDB7C1000A5973 /* 270_Closeset_Binary_Search_Tree_Value.cpp */; };
		706EBC541CC7DD8300D1775F /* 283_Move_Zeros.cpp in Sources */ = {isa = PBXBuildFile; fileRef = 706EBC531CC7DD8300D1775F /* 283_Move_Zeros.cpp */; };
		7089198B1CC436220042FCA1 /* main.cpp in Sources */ = {isa = PBXBuildFile; fileRef = 7089198A1CC436220042FCA1 /* main.cpp */; };
		708919921CC43C0C0042FCA1 /* 303_Range_Sum_Query_Immutable.cpp in Sources */ = {isa = PBXBuildFile; fileRef = 708919911CC43C0C0042FCA1 /* 303_Range_Sum_Query_Immutable.cpp */; };
		708919941CC46A260042FCA1 /* 299_Bulls_and_Cows.cpp in Sources */ = {isa = PBXBuildFile; fileRef = 708919931CC46A260042FCA1 /* 299_Bulls_and_Cows.cpp */; };
		708919961CC573400042FCA1 /* 293_File_Game.cpp in Sources */ = {isa = PBXBuildFile; fileRef = 708919951CC573400042FCA1 /* 293_File_Game.cpp */; };
		70C41C7B1CC834BE00194CA3 /* 278_First_Bad_Version.cpp in Sources */ = {isa = PBXBuildFile; fileRef = 70C41C7A1CC834BE00194CA3 /* 278_First_Bad_Version.cpp */; };
		70C41C7D1CC8528100194CA3 /* 276_Paint_Fence.cpp in Sources */ = {isa = PBXBuildFile; fileRef = 70C41C7C1CC8528100194CA3 /* 276_Paint_Fence.cpp */; };
		70D454A51CC6A49D00B21CB3 /* 292_Nim_Game.cpp in Sources */ = {isa = PBXBuildFile; fileRef = 70D454A41CC6A49D00B21CB3 /* 292_Nim_Game.cpp */; };
		70D454A71CC6AA0E00B21CB3 /* 290_Word_Pattern.cpp in Sources */ = {isa = PBXBuildFile; fileRef = 70D454A61CC6AA0E00B21CB3 /* 290_Word_Pattern.cpp */; };
		70D454A91CC6CC8000B21CB3 /* 288_Unique_Word_Abbreviation.cpp in Sources */ = {isa = PBXBuildFile; fileRef = 70D454A81CC6CC8000B21CB3 /* 288_Unique_Word_Abbreviation.cpp */; };
		70E260151CCDC31200CF16AF /* 266_Palindrome_Permutation.cpp in Sources */ = {isa = PBXBuildFile; fileRef = 70E260141CCDC31200CF16AF /* 266_Palindrome_Permutation.cpp */; };
/* End PBXBuildFile section */

/* Begin PBXCopyFilesBuildPhase section */
		708919851CC436220042FCA1 /* CopyFiles */ = {
			isa = PBXCopyFilesBuildPhase;
			buildActionMask = 2147483647;
			dstPath = /usr/share/man/man1/;
			dstSubfolderSpec = 0;
			files = (
			);
			runOnlyForDeploymentPostprocessing = 1;
		};
/* End PBXCopyFilesBuildPhase section */

/* Begin PBXFileReference section */
		702EFE9D1CCDB7C1000A5973 /* 270_Closeset_Binary_Search_Tree_Value.cpp */ = {isa = PBXFileReference; fileEncoding = 4; lastKnownFileType = sourcecode.cpp.cpp; path = 270_Closeset_Binary_Search_Tree_Value.cpp; sourceTree = "<group>"; };
		706EBC531CC7DD8300D1775F /* 283_Move_Zeros.cpp */ = {isa = PBXFileReference; fileEncoding = 4; lastKnownFileType = sourcecode.cpp.cpp; path = 283_Move_Zeros.cpp; sourceTree = "<group>"; };
		706EBC551CC7DDB700D1775F /* Header.h */ = {isa = PBXFileReference; fileEncoding = 4; lastKnownFileType = sourcecode.c.h; path = Header.h; sourceTree = "<group>"; };
		708919871CC436220042FCA1 /* LeetCode */ = {isa = PBXFileReference; explicitFileType = "compiled.mach-o.executable"; includeInIndex = 0; path = LeetCode; sourceTree = BUILT_PRODUCTS_DIR; };
		7089198A1CC436220042FCA1 /* main.cpp */ = {isa = PBXFileReference; lastKnownFileType = sourcecode.cpp.cpp; path = main.cpp; sourceTree = "<group>"; };
		708919911CC43C0C0042FCA1 /* 303_Range_Sum_Query_Immutable.cpp */ = {isa = PBXFileReference; fileEncoding = 4; lastKnownFileType = sourcecode.cpp.cpp; path = 303_Range_Sum_Query_Immutable.cpp; sourceTree = "<group>"; };
		708919931CC46A260042FCA1 /* 299_Bulls_and_Cows.cpp */ = {isa = PBXFileReference; fileEncoding = 4; lastKnownFileType = sourcecode.cpp.cpp; path = 299_Bulls_and_Cows.cpp; sourceTree = "<group>"; };
		708919951CC573400042FCA1 /* 293_File_Game.cpp */ = {isa = PBXFileReference; fileEncoding = 4; lastKnownFileType = sourcecode.cpp.cpp; path = 293_File_Game.cpp; sourceTree = "<group>"; };
		70C41C7A1CC834BE00194CA3 /* 278_First_Bad_Version.cpp */ = {isa = PBXFileReference; fileEncoding = 4; lastKnownFileType = sourcecode.cpp.cpp; path = 278_First_Bad_Version.cpp; sourceTree = "<group>"; };
		70C41C7C1CC8528100194CA3 /* 276_Paint_Fence.cpp */ = {isa = PBXFileReference; fileEncoding = 4; lastKnownFileType = sourcecode.cpp.cpp; path = 276_Paint_Fence.cpp; sourceTree = "<group>"; };
		70D454A41CC6A49D00B21CB3 /* 292_Nim_Game.cpp */ = {isa = PBXFileReference; fileEncoding = 4; lastKnownFileType = sourcecode.cpp.cpp; path = 292_Nim_Game.cpp; sourceTree = "<group>"; };
		70D454A61CC6AA0E00B21CB3 /* 290_Word_Pattern.cpp */ = {isa = PBXFileReference; fileEncoding = 4; lastKnownFileType = sourcecode.cpp.cpp; path = 290_Word_Pattern.cpp; sourceTree = "<group>"; };
		70D454A81CC6CC8000B21CB3 /* 288_Unique_Word_Abbreviation.cpp */ = {isa = PBXFileReference; fileEncoding = 4; lastKnownFileType = sourcecode.cpp.cpp; path = 288_Unique_Word_Abbreviation.cpp; sourceTree = "<group>"; };
		70E260141CCDC31200CF16AF /* 266_Palindrome_Permutation.cpp */ = {isa = PBXFileReference; fileEncoding = 4; lastKnownFileType = sourcecode.cpp.cpp; path = 266_Palindrome_Permutation.cpp; sourceTree = "<group>"; };
/* End PBXFileReference section */

/* Begin PBXFrameworksBuildPhase section */
		708919841CC436220042FCA1 /* Frameworks */ = {
			isa = PBXFrameworksBuildPhase;
			buildActionMask = 2147483647;
			files = (
			);
			runOnlyForDeploymentPostprocessing = 0;
		};
/* End PBXFrameworksBuildPhase section */

/* Begin PBXGroup section */
		7089197E1CC436220042FCA1 = {
			isa = PBXGroup;
			children = (
				708919891CC436220042FCA1 /* LeetCode */,
				708919881CC436220042FCA1 /* Products */,
			);
			sourceTree = "<group>";
		};
		708919881CC436220042FCA1 /* Products */ = {
			isa = PBXGroup;
			children = (
				708919871CC436220042FCA1 /* LeetCode */,
			);
			name = Products;
			sourceTree = "<group>";
		};
		708919891CC436220042FCA1 /* LeetCode */ = {
			isa = PBXGroup;
			children = (
				706EBC551CC7DDB700D1775F /* Header.h */,
				7089198A1CC436220042FCA1 /* main.cpp */,
				708919911CC43C0C0042FCA1 /* 303_Range_Sum_Query_Immutable.cpp */,
				708919931CC46A260042FCA1 /* 299_Bulls_and_Cows.cpp */,
				708919951CC573400042FCA1 /* 293_File_Game.cpp */,
				70D454A41CC6A49D00B21CB3 /* 292_Nim_Game.cpp */,
				70D454A61CC6AA0E00B21CB3 /* 290_Word_Pattern.cpp */,
				70D454A81CC6CC8000B21CB3 /* 288_Unique_Word_Abbreviation.cpp */,
				706EBC531CC7DD8300D1775F /* 283_Move_Zeros.cpp */,
				70C41C7A1CC834BE00194CA3 /* 278_First_Bad_Version.cpp */,
				70C41C7C1CC8528100194CA3 /* 276_Paint_Fence.cpp */,
				702EFE9D1CCDB7C1000A5973 /* 270_Closeset_Binary_Search_Tree_Value.cpp */,
				70E260141CCDC31200CF16AF /* 266_Palindrome_Permutation.cpp */,
			);
			path = LeetCode;
			sourceTree = "<group>";
		};
/* End PBXGroup section */

/* Begin PBXNativeTarget section */
		708919861CC436220042FCA1 /* LeetCode */ = {
			isa = PBXNativeTarget;
			buildConfigurationList = 7089198E1CC436220042FCA1 /* Build configuration list for PBXNativeTarget "LeetCode" */;
			buildPhases = (
				708919831CC436220042FCA1 /* Sources */,
				708919841CC436220042FCA1 /* Frameworks */,
				708919851CC436220042FCA1 /* CopyFiles */,
			);
			buildRules = (
			);
			dependencies = (
			);
			name = LeetCode;
			productName = LeetCode;
			productReference = 708919871CC436220042FCA1 /* LeetCode */;
			productType = "com.apple.product-type.tool";
		};
/* End PBXNativeTarget section */

/* Begin PBXProject section */
		7089197F1CC436220042FCA1 /* Project object */ = {
			isa = PBXProject;
			attributes = {
				LastUpgradeCheck = 0730;
				ORGANIZATIONNAME = "Minghao Pu";
				TargetAttributes = {
					708919861CC436220042FCA1 = {
						CreatedOnToolsVersion = 7.3;
					};
				};
			};
			buildConfigurationList = 708919821CC436220042FCA1 /* Build configuration list for PBXProject "LeetCode" */;
			compatibilityVersion = "Xcode 3.2";
			developmentRegion = English;
			hasScannedForEncodings = 0;
			knownRegions = (
				en,
			);
			mainGroup = 7089197E1CC436220042FCA1;
			productRefGroup = 708919881CC436220042FCA1 /* Products */;
			projectDirPath = "";
			projectRoot = "";
			targets = (
				708919861CC436220042FCA1 /* LeetCode */,
			);
		};
/* End PBXProject section */

/* Begin PBXSourcesBuildPhase section */
		708919831CC436220042FCA1 /* Sources */ = {
			isa = PBXSourcesBuildPhase;
			buildActionMask = 2147483647;
			files = (
				70C41C7B1CC834BE00194CA3 /* 278_First_Bad_Version.cpp in Sources */,
				706EBC541CC7DD8300D1775F /* 283_Move_Zeros.cpp in Sources */,
				70E260151CCDC31200CF16AF /* 266_Palindrome_Permutation.cpp in Sources */,
				70D454A91CC6CC8000B21CB3 /* 288_Unique_Word_Abbreviation.cpp in Sources */,
				70D454A71CC6AA0E00B21CB3 /* 290_Word_Pattern.cpp in Sources */,
				70C41C7D1CC8528100194CA3 /* 276_Paint_Fence.cpp in Sources */,
				708919961CC573400042FCA1 /* 293_File_Game.cpp in Sources */,
				708919921CC43C0C0042FCA1 /* 303_Range_Sum_Query_Immutable.cpp in Sources */,
				7089198B1CC436220042FCA1 /* main.cpp in Sources */,
				708919941CC46A260042FCA1 /* 299_Bulls_and_Cows.cpp in Sources */,
				70D454A51CC6A49D00B21CB3 /* 292_Nim_Game.cpp in Sources */,
				702EFE9E1CCDB7C1000A5973 /* 270_Closeset_Binary_Search_Tree_Value.cpp in Sources */,
			);
			runOnlyForDeploymentPostprocessing = 0;
		};
/* End PBXSourcesBuildPhase section */

/* Begin XCBuildConfiguration section */
		7089198C1CC436220042FCA1 /* Debug */ = {
			isa = XCBuildConfiguration;
			buildSettings = {
				ALWAYS_SEARCH_USER_PATHS = NO;
				CLANG_ANALYZER_NONNULL = YES;
				CLANG_CXX_LANGUAGE_STANDARD = "gnu++0x";
				CLANG_CXX_LIBRARY = "libc++";
				CLANG_ENABLE_MODULES = YES;
				CLANG_ENABLE_OBJC_ARC = YES;
				CLANG_WARN_BOOL_CONVERSION = YES;
				CLANG_WARN_CONSTANT_CONVERSION = YES;
				CLANG_WARN_DIRECT_OBJC_ISA_USAGE = YES_ERROR;
				CLANG_WARN_EMPTY_BODY = YES;
				CLANG_WARN_ENUM_CONVERSION = YES;
				CLANG_WARN_INT_CONVERSION = YES;
				CLANG_WARN_OBJC_ROOT_CLASS = YES_ERROR;
				CLANG_WARN_UNREACHABLE_CODE = YES;
				CLANG_WARN__DUPLICATE_METHOD_MATCH = YES;
				CODE_SIGN_IDENTITY = "-";
				COPY_PHASE_STRIP = NO;
				DEBUG_INFORMATION_FORMAT = dwarf;
				ENABLE_STRICT_OBJC_MSGSEND = YES;
				ENABLE_TESTABILITY = YES;
				GCC_C_LANGUAGE_STANDARD = gnu99;
				GCC_DYNAMIC_NO_PIC = NO;
				GCC_NO_COMMON_BLOCKS = YES;
				GCC_OPTIMIZATION_LEVEL = 0;
				GCC_PREPROCESSOR_DEFINITIONS = (
					"DEBUG=1",
					"$(inherited)",
				);
				GCC_WARN_64_TO_32_BIT_CONVERSION = YES;
				GCC_WARN_ABOUT_RETURN_TYPE = YES_ERROR;
				GCC_WARN_UNDECLARED_SELECTOR = YES;
				GCC_WARN_UNINITIALIZED_AUTOS = YES_AGGRESSIVE;
				GCC_WARN_UNUSED_FUNCTION = YES;
				GCC_WARN_UNUSED_VARIABLE = YES;
				MACOSX_DEPLOYMENT_TARGET = 10.11;
				MTL_ENABLE_DEBUG_INFO = YES;
				ONLY_ACTIVE_ARCH = YES;
				SDKROOT = macosx;
			};
			name = Debug;
		};
		7089198D1CC436220042FCA1 /* Release */ = {
			isa = XCBuildConfiguration;
			buildSettings = {
				ALWAYS_SEARCH_USER_PATHS = NO;
				CLANG_ANALYZER_NONNULL = YES;
				CLANG_CXX_LANGUAGE_STANDARD = "gnu++0x";
				CLANG_CXX_LIBRARY = "libc++";
				CLANG_ENABLE_MODULES = YES;
				CLANG_ENABLE_OBJC_ARC = YES;
				CLANG_WARN_BOOL_CONVERSION = YES;
				CLANG_WARN_CONSTANT_CONVERSION = YES;
				CLANG_WARN_DIRECT_OBJC_ISA_USAGE = YES_ERROR;
				CLANG_WARN_EMPTY_BODY = YES;
				CLANG_WARN_ENUM_CONVERSION = YES;
				CLANG_WARN_INT_CONVERSION = YES;
				CLANG_WARN_OBJC_ROOT_CLASS = YES_ERROR;
				CLANG_WARN_UNREACHABLE_CODE = YES;
				CLANG_WARN__DUPLICATE_METHOD_MATCH = YES;
				CODE_SIGN_IDENTITY = "-";
				COPY_PHASE_STRIP = NO;
				DEBUG_INFORMATION_FORMAT = "dwarf-with-dsym";
				ENABLE_NS_ASSERTIONS = NO;
				ENABLE_STRICT_OBJC_MSGSEND = YES;
				GCC_C_LANGUAGE_STANDARD = gnu99;
				GCC_NO_COMMON_BLOCKS = YES;
				GCC_WARN_64_TO_32_BIT_CONVERSION = YES;
				GCC_WARN_ABOUT_RETURN_TYPE = YES_ERROR;
				GCC_WARN_UNDECLARED_SELECTOR = YES;
				GCC_WARN_UNINITIALIZED_AUTOS = YES_AGGRESSIVE;
				GCC_WARN_UNUSED_FUNCTION = YES;
				GCC_WARN_UNUSED_VARIABLE = YES;
				MACOSX_DEPLOYMENT_TARGET = 10.11;
				MTL_ENABLE_DEBUG_INFO = NO;
				SDKROOT = macosx;
			};
			name = Release;
		};
		7089198F1CC436220042FCA1 /* Debug */ = {
			isa = XCBuildConfiguration;
			buildSettings = {
				PRODUCT_NAME = "$(TARGET_NAME)";
			};
			name = Debug;
		};
		708919901CC436220042FCA1 /* Release */ = {
			isa = XCBuildConfiguration;
			buildSettings = {
				PRODUCT_NAME = "$(TARGET_NAME)";
			};
			name = Release;
		};
/* End XCBuildConfiguration section */

/* Begin XCConfigurationList section */
		708919821CC436220042FCA1 /* Build configuration list for PBXProject "LeetCode" */ = {
			isa = XCConfigurationList;
			buildConfigurations = (
				7089198C1CC436220042FCA1 /* Debug */,
				7089198D1CC436220042FCA1 /* Release */,
			);
			defaultConfigurationIsVisible = 0;
			defaultConfigurationName = Release;
		};
		7089198E1CC436220042FCA1 /* Build configuration list for PBXNativeTarget "LeetCode" */ = {
			isa = XCConfigurationList;
			buildConfigurations = (
				7089198F1CC436220042FCA1 /* Debug */,
				708919901CC436220042FCA1 /* Release */,
			);
			defaultConfigurationIsVisible = 0;
			defaultConfigurationName = Release;
		};
/* End XCConfigurationList section */
	};
	rootObject = 7089197F1CC436220042FCA1 /* Project object */;
}
